Microsoft Visual Studio Solution File, Format Version 12.00
# Visual Studio 15
VisualStudioVersion = 15.0.26430.14
MinimumVisualStudioVersion = 15.0.26124.0
Project("{9A19103F-16F7-4668-BE54-9A1E7A4F7556}") = "dotnet-blog", "dotnet-blog.csproj", "{A68EF34D-FF92-47BC-B169-91B66B28E51A}"
EndProject
Global
	GlobalSection(SolutionConfigurationPlatforms) = preSolution
		Debug|Any CPU = Debug|Any CPU
		Debug|MCD = Debug|MCD
		Debug|x64 = Debug|x64
		Debug|x86 = Debug|x86
		Release|Any CPU = Release|Any CPU
		Release|MCD = Release|MCD
		Release|x64 = Release|x64
		Release|x86 = Release|x86
	EndGlobalSection
	GlobalSection(ProjectConfigurationPlatforms) = postSolution
		{A68EF34D-FF92-47BC-B169-91B66B28E51A}.Debug|Any CPU.ActiveCfg = Debug|Any CPU
		{A68EF34D-FF92-47BC-B169-91B66B28E51A}.Debug|Any CPU.Build.0 = Debug|Any CPU
		{A68EF34D-FF92-47BC-B169-91B66B28E51A}.Debug|MCD.ActiveCfg = Debug|Any CPU
		{A68EF34D-FF92-47BC-B169-91B66B28E51A}.Debug|MCD.Build.0 = Debug|Any CPU
		{A68EF34D-FF92-47BC-B169-91B66B28E51A}.Debug|x64.ActiveCfg = Debug|Any CPU
		{A68EF34D-FF92-47BC-B169-91B66B28E51A}.Debug|x64.Build.0 = Debug|Any CPU
		{A68EF34D-FF92-47BC-B169-91B66B28E51A}.Debug|x86.ActiveCfg = Debug|Any CPU
		{A68EF34D-FF92-47BC-B169-91B66B28E51A}.Debug|x86.Build.0 = Debug|Any CPU
		{A68EF34D-FF92-47BC-B169-91B66B28E51A}.Release|Any CPU.ActiveCfg = Release|Any CPU
		{A68EF34D-FF92-47BC-B169-91B66B28E51A}.Release|Any CPU.Build.0 = Release|Any CPU
		{A68EF34D-FF92-47BC-B169-91B66B28E51A}.Release|MCD.ActiveCfg = Release|Any CPU
		{A68EF34D-FF92-47BC-B169-91B66B28E51A}.Release|MCD.Build.0 = Release|Any CPU
		{A68EF34D-FF92-47BC-B169-91B66B28E51A}.Release|x64.ActiveCfg = Release|Any CPU
		{A68EF34D-FF92-47BC-B169-91B66B28E51A}.Release|x64.Build.0 = Release|Any CPU
		{A68EF34D-FF92-47BC-B169-91B66B28E51A}.Release|x86.ActiveCfg = Release|Any CPU
		{A68EF34D-FF92-47BC-B169-91B66B28E51A}.Release|x86.Build.0 = Release|Any CPU
	EndGlobalSection
	GlobalSection(SolutionProperties) = preSolution
		HideSolutionNode = FALSE
	EndGlobalSection
EndGlobal
